
Microsoft Visual Studio Solution File, Format Version 12.00
# Visual Studio 15
VisualStudioVersion = 15.0.27703.2035
MinimumVisualStudioVersion = 10.0.40219.1
Project("{888888A0-9F3D-457C-B088-3A5042F75D52}") = "Trees", "Trees\Trees.pyproj", "{E9449830-79FB-4EDA-BE61-32A1B1490B75}"
EndProject
Global
	GlobalSection(SolutionConfigurationPlatforms) = preSolution
		Debug|Any CPU = Debug|Any CPU
		Release|Any CPU = Release|Any CPU
	EndGlobalSection
	GlobalSection(ProjectConfigurationPlatforms) = postSolution
		{E9449830-79FB-4EDA-BE61-32A1B1490B75}.Debug|Any CPU.ActiveCfg = Debug|Any CPU
		{E9449830-79FB-4EDA-BE61-32A1B1490B75}.Release|Any CPU.ActiveCfg = Release|Any CPU
	EndGlobalSection
	GlobalSection(SolutionProperties) = preSolution
		HideSolutionNode = FALSE
	EndGlobalSection
	GlobalSection(ExtensibilityGlobals) = postSolution
		SolutionGuid = {FAF68457-4C36-4264-B3AB-35535801647B}
	EndGlobalSection
EndGlobal
